
Microsoft Visual Studio Solution File, Format Version 11.00
# Visual Studio 2010
Project("{FAE04EC0-301F-11D3-BF4B-00C04F79EFBC}") = "Assembly-CSharp", "Assembly-CSharp.csproj", "{f6132524-ef35-2f6c-8d48-b50e1a3219df}"
EndProject
Global
	GlobalSection(SolutionConfigurationPlatforms) = preSolution
		Debug|Any CPU = Debug|Any CPU
		Release|Any CPU = Release|Any CPU
	EndGlobalSection
	GlobalSection(ProjectConfigurationPlatforms) = postSolution
		{f6132524-ef35-2f6c-8d48-b50e1a3219df}.Debug|Any CPU.ActiveCfg = Debug|Any CPU
		{f6132524-ef35-2f6c-8d48-b50e1a3219df}.Debug|Any CPU.Build.0 = Debug|Any CPU
		{f6132524-ef35-2f6c-8d48-b50e1a3219df}.Release|Any CPU.ActiveCfg = Release|Any CPU
		{f6132524-ef35-2f6c-8d48-b50e1a3219df}.Release|Any CPU.Build.0 = Release|Any CPU
	EndGlobalSection
	GlobalSection(SolutionProperties) = preSolution
		HideSolutionNode = FALSE
	EndGlobalSection
EndGlobal
